// !$*UTF8*$!
{
	archiveVersion = 1;
	classes = {
	};
	objectVersion = 46;
	objects = {

/* Begin PBXBuildFile section */
		22CF76CF19F4EF38009B2EF3 /* main.m in Sources */ = {isa = PBXBuildFile; fileRef = 22CF76CE19F4EF38009B2EF3 /* main.m */; };
		22CF76D219F4EF38009B2EF3 /* AppDelegate.m in Sources */ = {isa = PBXBuildFile; fileRef = 22CF76D119F4EF38009B2EF3 /* AppDelegate.m */; };
		22CF76D519F4EF38009B2EF3 /* ViewController.m in Sources */ = {isa = PBXBuildFile; fileRef = 22CF76D419F4EF38009B2EF3 /* ViewController.m */; };
		22CF76D819F4EF38009B2EF3 /* Main.storyboard in Resources */ = {isa = PBXBuildFile; fileRef = 22CF76D619F4EF38009B2EF3 /* Main.storyboard */; };
		22CF76DA19F4EF38009B2EF3 /* Images.xcassets in Resources */ = {isa = PBXBuildFile; fileRef = 22CF76D919F4EF38009B2EF3 /* Images.xcassets */; };
		22CF76DD19F4EF38009B2EF3 /* LaunchScreen.xib in Resources */ = {isa = PBXBuildFile; fileRef = 22CF76DB19F4EF38009B2EF3 /* LaunchScreen.xib */; };
		22CF76E919F4EF38009B2EF3 /* WeatherAppTests.m in Sources */ = {isa = PBXBuildFile; fileRef = 22CF76E819F4EF38009B2EF3 /* WeatherAppTests.m */; };
/* End PBXBuildFile section */

/* Begin PBXContainerItemProxy section */
		22CF76E319F4EF38009B2EF3 /* PBXContainerItemProxy */ = {
			isa = PBXContainerItemProxy;
			containerPortal = 22CF76C119F4EF38009B2EF3 /* Project object */;
			proxyType = 1;
			remoteGlobalIDString = 22CF76C819F4EF38009B2EF3;
			remoteInfo = WeatherApp;
		};
/* End PBXContainerItemProxy section */

/* Begin PBXFileReference section */
		22CF76C919F4EF38009B2EF3 /* WeatherApp.app */ = {isa = PBXFileReference; explicitFileType = wrapper.application; includeInIndex = 0; path = WeatherApp.app; sourceTree = BUILT_PRODUCTS_DIR; };
		22CF76CD19F4EF38009B2EF3 /* Info.plist */ = {isa = PBXFileReference; lastKnownFileType = text.plist.xml; path = Info.plist; sourceTree = "<group>"; };
		22CF76CE19F4EF38009B2EF3 /* main.m */ = {isa = PBXFileReference; lastKnownFileType = sourcecode.c.objc; path = main.m; sourceTree = "<group>"; };
		22CF76D019F4EF38009B2EF3 /* AppDelegate.h */ = {isa = PBXFileReference; lastKnownFileType = sourcecode.c.h; path = AppDelegate.h; sourceTree = "<group>"; };
		22CF76D119F4EF38009B2EF3 /* AppDelegate.m */ = {isa = PBXFileReference; lastKnownFileType = sourcecode.c.objc; path = AppDelegate.m; sourceTree = "<group>"; };
		22CF76D319F4EF38009B2EF3 /* ViewController.h */ = {isa = PBXFileReference; lastKnownFileType = sourcecode.c.h; path = ViewController.h; sourceTree = "<group>"; };
		22CF76D419F4EF38009B2EF3 /* ViewController.m */ = {isa = PBXFileReference; lastKnownFileType = sourcecode.c.objc; path = ViewController.m; sourceTree = "<group>"; };
		22CF76D719F4EF38009B2EF3 /* Base */ = {isa = PBXFileReference; lastKnownFileType = file.storyboard; name = Base; path = Base.lproj/Main.storyboard; sourceTree = "<group>"; };
		22CF76D919F4EF38009B2EF3 /* Images.xcassets */ = {isa = PBXFileReference; lastKnownFileType = folder.assetcatalog; path = Images.xcassets; sourceTree = "<group>"; };
		22CF76DC19F4EF38009B2EF3 /* Base */ = {isa = PBXFileReference; lastKnownFileType = file.xib; name = Base; path = Base.lproj/LaunchScreen.xib; sourceTree = "<group>"; };
		22CF76E219F4EF38009B2EF3 /* WeatherAppTests.xctest */ = {isa = PBXFileReference; explicitFileType = wrapper.cfbundle; includeInIndex = 0; path = WeatherAppTests.xctest; sourceTree = BUILT_PRODUCTS_DIR; };
		22CF76E719F4EF38009B2EF3 /* Info.plist */ = {isa = PBXFileReference; lastKnownFileType = text.plist.xml; path = Info.plist; sourceTree = "<group>"; };
		22CF76E819F4EF38009B2EF3 /* WeatherAppTests.m */ = {isa = PBXFileReference; lastKnownFileType = sourcecode.c.objc; path = WeatherAppTests.m; sourceTree = "<group>"; };
/* End PBXFileReference section */

/* Begin PBXFrameworksBuildPhase section */
		22CF76C619F4EF38009B2EF3 /* Frameworks */ = {
			isa = PBXFrameworksBuildPhase;
			buildActionMask = 2147483647;
			files = (
			);
			runOnlyForDeploymentPostprocessing = 0;
		};
		22CF76DF19F4EF38009B2EF3 /* Frameworks */ = {
			isa = PBXFrameworksBuildPhase;
			buildActionMask = 2147483647;
			files = (
			);
			runOnlyForDeploymentPostprocessing = 0;
		};
/* End PBXFrameworksBuildPhase section */

/* Begin PBXGroup section */
		22CF76C019F4EF37009B2EF3 = {
			isa = PBXGroup;
			children = (
				22CF76CB19F4EF38009B2EF3 /* WeatherApp */,
				22CF76E519F4EF38009B2EF3 /* WeatherAppTests */,
				22CF76CA19F4EF38009B2EF3 /* Products */,
			);
			sourceTree = "<group>";
		};
		22CF76CA19F4EF38009B2EF3 /* Products */ = {
			isa = PBXGroup;
			children = (
				22CF76C919F4EF38009B2EF3 /* WeatherApp.app */,
				22CF76E219F4EF38009B2EF3 /* WeatherAppTests.xctest */,
			);
			name = Products;
			sourceTree = "<group>";
		};
		22CF76CB19F4EF38009B2EF3 /* WeatherApp */ = {
			isa = PBXGroup;
			children = (
				22CF76D019F4EF38009B2EF3 /* AppDelegate.h */,
				22CF76D119F4EF38009B2EF3 /* AppDelegate.m */,
				22CF76D319F4EF38009B2EF3 /* ViewController.h */,
				22CF76D419F4EF38009B2EF3 /* ViewController.m */,
				22CF76D619F4EF38009B2EF3 /* Main.storyboard */,
				22CF76D919F4EF38009B2EF3 /* Images.xcassets */,
				22CF76DB19F4EF38009B2EF3 /* LaunchScreen.xib */,
				22CF76CC19F4EF38009B2EF3 /* Supporting Files */,
			);
			path = WeatherApp;
			sourceTree = "<group>";
		};
		22CF76CC19F4EF38009B2EF3 /* Supporting Files */ = {
			isa = PBXGroup;
			children = (
				22CF76CD19F4EF38009B2EF3 /* Info.plist */,
				22CF76CE19F4EF38009B2EF3 /* main.m */,
			);
			name = "Supporting Files";
			sourceTree = "<group>";
		};
		22CF76E519F4EF38009B2EF3 /* WeatherAppTests */ = {
			isa = PBXGroup;
			children = (
				22CF76E819F4EF38009B2EF3 /* WeatherAppTests.m */,
				22CF76E619F4EF38009B2EF3 /* Supporting Files */,
			);
			path = WeatherAppTests;
			sourceTree = "<group>";
		};
		22CF76E619F4EF38009B2EF3 /* Supporting Files */ = {
			isa = PBXGroup;
			children = (
				22CF76E719F4EF38009B2EF3 /* Info.plist */,
			);
			name = "Supporting Files";
			sourceTree = "<group>";
		};
/* End PBXGroup section */

/* Begin PBXNativeTarget section */
		22CF76C819F4EF38009B2EF3 /* WeatherApp */ = {
			isa = PBXNativeTarget;
			buildConfigurationList = 22CF76EC19F4EF38009B2EF3 /* Build configuration list for PBXNativeTarget "WeatherApp" */;
			buildPhases = (
				22CF76C519F4EF38009B2EF3 /* Sources */,
				22CF76C619F4EF38009B2EF3 /* Frameworks */,
				22CF76C719F4EF38009B2EF3 /* Resources */,
			);
			buildRules = (
			);
			dependencies = (
			);
			name = WeatherApp;
			productName = WeatherApp;
			productReference = 22CF76C919F4EF38009B2EF3 /* WeatherApp.app */;
			productType = "com.apple.product-type.application";
		};
		22CF76E119F4EF38009B2EF3 /* WeatherAppTests */ = {
			isa = PBXNativeTarget;
			buildConfigurationList = 22CF76EF19F4EF38009B2EF3 /* Build configuration list for PBXNativeTarget "WeatherAppTests" */;
			buildPhases = (
				22CF76DE19F4EF38009B2EF3 /* Sources */,
				22CF76DF19F4EF38009B2EF3 /* Frameworks */,
				22CF76E019F4EF38009B2EF3 /* Resources */,
			);
			buildRules = (
			);
			dependencies = (
				22CF76E419F4EF38009B2EF3 /* PBXTargetDependency */,
			);
			name = WeatherAppTests;
			productName = WeatherAppTests;
			productReference = 22CF76E219F4EF38009B2EF3 /* WeatherAppTests.xctest */;
			productType = "com.apple.product-type.bundle.unit-test";
		};
/* End PBXNativeTarget section */

/* Begin PBXProject section */
		22CF76C119F4EF38009B2EF3 /* Project object */ = {
			isa = PBXProject;
			attributes = {
				LastUpgradeCheck = 0600;
				ORGANIZATIONNAME = "Daichi Mizoguchi";
				TargetAttributes = {
					22CF76C819F4EF38009B2EF3 = {
						CreatedOnToolsVersion = 6.0.1;
					};
					22CF76E119F4EF38009B2EF3 = {
						CreatedOnToolsVersion = 6.0.1;
						TestTargetID = 22CF76C819F4EF38009B2EF3;
					};
				};
			};
			buildConfigurationList = 22CF76C419F4EF38009B2EF3 /* Build configuration list for PBXProject "WeatherApp" */;
			compatibilityVersion = "Xcode 3.2";
			developmentRegion = English;
			hasScannedForEncodings = 0;
			knownRegions = (
				en,
				Base,
			);
			mainGroup = 22CF76C019F4EF37009B2EF3;
			productRefGroup = 22CF76CA19F4EF38009B2EF3 /* Products */;
			projectDirPath = "";
			projectRoot = "";
			targets = (
				22CF76C819F4EF38009B2EF3 /* WeatherApp */,
				22CF76E119F4EF38009B2EF3 /* WeatherAppTests */,
			);
		};
/* End PBXProject section */

/* Begin PBXResourcesBuildPhase section */
		22CF76C719F4EF38009B2EF3 /* Resources */ = {
			isa = PBXResourcesBuildPhase;
			buildActionMask = 2147483647;
			files = (
				22CF76D819F4EF38009B2EF3 /* Main.storyboard in Resources */,
				22CF76DD19F4EF38009B2EF3 /* LaunchScreen.xib in Resources */,
				22CF76DA19F4EF38009B2EF3 /* Images.xcassets in Resources */,
			);
			runOnlyForDeploymentPostprocessing = 0;
		};
		22CF76E019F4EF38009B2EF3 /* Resources */ = {
			isa = PBXResourcesBuildPhase;
			buildActionMask = 2147483647;
			files = (
			);
			runOnlyForDeploymentPostprocessing = 0;
		};
/* End PBXResourcesBuildPhase section */

/* Begin PBXSourcesBuildPhase section */
		22CF76C519F4EF38009B2EF3 /* Sources */ = {
			isa = PBXSourcesBuildPhase;
			buildActionMask = 2147483647;
			files = (
				22CF76D519F4EF38009B2EF3 /* ViewController.m in Sources */,
				22CF76D219F4EF38009B2EF3 /* AppDelegate.m in Sources */,
				22CF76CF19F4EF38009B2EF3 /* main.m in Sources */,
			);
			runOnlyForDeploymentPostprocessing = 0;
		};
		22CF76DE19F4EF38009B2EF3 /* Sources */ = {
			isa = PBXSourcesBuildPhase;
			buildActionMask = 2147483647;
			files = (
				22CF76E919F4EF38009B2EF3 /* WeatherAppTests.m in Sources */,
			);
			runOnlyForDeploymentPostprocessing = 0;
		};
/* End PBXSourcesBuildPhase section */

/* Begin PBXTargetDependency section */
		22CF76E419F4EF38009B2EF3 /* PBXTargetDependency */ = {
			isa = PBXTargetDependency;
			target = 22CF76C819F4EF38009B2EF3 /* WeatherApp */;
			targetProxy = 22CF76E319F4EF38009B2EF3 /* PBXContainerItemProxy */;
		};
/* End PBXTargetDependency section */

/* Begin PBXVariantGroup section */
		22CF76D619F4EF38009B2EF3 /* Main.storyboard */ = {
			isa = PBXVariantGroup;
			children = (
				22CF76D719F4EF38009B2EF3 /* Base */,
			);
			name = Main.storyboard;
			sourceTree = "<group>";
		};
		22CF76DB19F4EF38009B2EF3 /* LaunchScreen.xib */ = {
			isa = PBXVariantGroup;
			children = (
				22CF76DC19F4EF38009B2EF3 /* Base */,
			);
			name = LaunchScreen.xib;
			sourceTree = "<group>";
		};
/* End PBXVariantGroup section */

/* Begin XCBuildConfiguration section */
		22CF76EA19F4EF38009B2EF3 /* Debug */ = {
			isa = XCBuildConfiguration;
			buildSettings = {
				ALWAYS_SEARCH_USER_PATHS = NO;
				CLANG_CXX_LANGUAGE_STANDARD = "gnu++0x";
				CLANG_CXX_LIBRARY = "libc++";
				CLANG_ENABLE_MODULES = YES;
				CLANG_ENABLE_OBJC_ARC = YES;
				CLANG_WARN_BOOL_CONVERSION = YES;
				CLANG_WARN_CONSTANT_CONVERSION = YES;
				CLANG_WARN_DIRECT_OBJC_ISA_USAGE = YES_ERROR;
				CLANG_WARN_EMPTY_BODY = YES;
				CLANG_WARN_ENUM_CONVERSION = YES;
				CLANG_WARN_INT_CONVERSION = YES;
				CLANG_WARN_OBJC_ROOT_CLASS = YES_ERROR;
				CLANG_WARN_UNREACHABLE_CODE = YES;
				CLANG_WARN__DUPLICATE_METHOD_MATCH = YES;
				"CODE_SIGN_IDENTITY[sdk=iphoneos*]" = "iPhone Developer";
				COPY_PHASE_STRIP = NO;
				ENABLE_STRICT_OBJC_MSGSEND = YES;
				GCC_C_LANGUAGE_STANDARD = gnu99;
				GCC_DYNAMIC_NO_PIC = NO;
				GCC_OPTIMIZATION_LEVEL = 0;
				GCC_PREPROCESSOR_DEFINITIONS = (
					"DEBUG=1",
					"$(inherited)",
				);
				GCC_SYMBOLS_PRIVATE_EXTERN = NO;
				GCC_WARN_64_TO_32_BIT_CONVERSION = YES;
				GCC_WARN_ABOUT_RETURN_TYPE = YES_ERROR;
				GCC_WARN_UNDECLARED_SELECTOR = YES;
				GCC_WARN_UNINITIALIZED_AUTOS = YES_AGGRESSIVE;
				GCC_WARN_UNUSED_FUNCTION = YES;
				GCC_WARN_UNUSED_VARIABLE = YES;
				IPHONEOS_DEPLOYMENT_TARGET = 8.0;
				MTL_ENABLE_DEBUG_INFO = YES;
				ONLY_ACTIVE_ARCH = YES;
				SDKROOT = iphoneos;
			};
			name = Debug;
		};
		22CF76EB19F4EF38009B2EF3 /* Release */ = {
			isa = XCBuildConfiguration;
			buildSettings = {
				ALWAYS_SEARCH_USER_PATHS = NO;
				CLANG_CXX_LANGUAGE_STANDARD = "gnu++0x";
				CLANG_CXX_LIBRARY = "libc++";
				CLANG_ENABLE_MODULES = YES;
				CLANG_ENABLE_OBJC_ARC = YES;
				CLANG_WARN_BOOL_CONVERSION = YES;
				CLANG_WARN_CONSTANT_CONVERSION = YES;
				CLANG_WARN_DIRECT_OBJC_ISA_USAGE = YES_ERROR;
				CLANG_WARN_EMPTY_BODY = YES;
				CLANG_WARN_ENUM_CONVERSION = YES;
				CLANG_WARN_INT_CONVERSION = YES;
				CLANG_WARN_OBJC_ROOT_CLASS = YES_ERROR;
				CLANG_WARN_UNREACHABLE_CODE = YES;
				CLANG_WARN__DUPLICATE_METHOD_MATCH = YES;
				"CODE_SIGN_IDENTITY[sdk=iphoneos*]" = "iPhone Developer";
				COPY_PHASE_STRIP = YES;
				ENABLE_NS_ASSERTIONS = NO;
				ENABLE_STRICT_OBJC_MSGSEND = YES;
				GCC_C_LANGUAGE_STANDARD = gnu99;
				GCC_WARN_64_TO_32_BIT_CONVERSION = YES;
				GCC_WARN_ABOUT_RETURN_TYPE = YES_ERROR;
				GCC_WARN_UNDECLARED_SELECTOR = YES;
				GCC_WARN_UNINITIALIZED_AUTOS = YES_AGGRESSIVE;
				GCC_WARN_UNUSED_FUNCTION = YES;
				GCC_WARN_UNUSED_VARIABLE = YES;
				IPHONEOS_DEPLOYMENT_TARGET = 8.0;
				MTL_ENABLE_DEBUG_INFO = NO;
				SDKROOT = iphoneos;
				VALIDATE_PRODUCT = YES;
			};
			name = Release;
		};
		22CF76ED19F4EF38009B2EF3 /* Debug */ = {
			isa = XCBuildConfiguration;
			buildSettings = {
				ASSETCATALOG_COMPILER_APPICON_NAME = AppIcon;
				INFOPLIST_FILE = WeatherApp/Info.plist;
				LD_RUNPATH_SEARCH_PATHS = "$(inherited) @executable_path/Frameworks";
				PRODUCT_NAME = "$(TARGET_NAME)";
			};
			name = Debug;
		};
		22CF76EE19F4EF38009B2EF3 /* Release */ = {
			isa = XCBuildConfiguration;
			buildSettings = {
				ASSETCATALOG_COMPILER_APPICON_NAME = AppIcon;
				INFOPLIST_FILE = WeatherApp/Info.plist;
				LD_RUNPATH_SEARCH_PATHS = "$(inherited) @executable_path/Frameworks";
				PRODUCT_NAME = "$(TARGET_NAME)";
			};
			name = Release;
		};
		22CF76F019F4EF38009B2EF3 /* Debug */ = {
			isa = XCBuildConfiguration;
			buildSettings = {
				BUNDLE_LOADER = "$(TEST_HOST)";
				FRAMEWORK_SEARCH_PATHS = (
					"$(SDKROOT)/Developer/Library/Frameworks",
					"$(inherited)",
				);
				GCC_PREPROCESSOR_DEFINITIONS = (
					"DEBUG=1",
					"$(inherited)",
				);
				INFOPLIST_FILE = WeatherAppTests/Info.plist;
				LD_RUNPATH_SEARCH_PATHS = "$(inherited) @executable_path/Frameworks @loader_path/Frameworks";
				PRODUCT_NAME = "$(TARGET_NAME)";
				TEST_HOST = "$(BUILT_PRODUCTS_DIR)/WeatherApp.app/WeatherApp";
			};
			name = Debug;
		};
		22CF76F119F4EF38009B2EF3 /* Release */ = {
			isa = XCBuildConfiguration;
			buildSettings = {
				BUNDLE_LOADER = "$(TEST_HOST)";
				FRAMEWORK_SEARCH_PATHS = (
					"$(SDKROOT)/Developer/Library/Frameworks",
					"$(inherited)",
				);
				INFOPLIST_FILE = WeatherAppTests/Info.plist;
				LD_RUNPATH_SEARCH_PATHS = "$(inherited) @executable_path/Frameworks @loader_path/Frameworks";
				PRODUCT_NAME = "$(TARGET_NAME)";
				TEST_HOST = "$(BUILT_PRODUCTS_DIR)/WeatherApp.app/WeatherApp";
			};
			name = Release;
		};
/* End XCBuildConfiguration section */

/* Begin XCConfigurationList section */
		22CF76C419F4EF38009B2EF3 /* Build configuration list for PBXProject "WeatherApp" */ = {
			isa = XCConfigurationList;
			buildConfigurations = (
				22CF76EA19F4EF38009B2EF3 /* Debug */,
				22CF76EB19F4EF38009B2EF3 /* Release */,
			);
			defaultConfigurationIsVisible = 0;
			defaultConfigurationName = Release;
		};
		22CF76EC19F4EF38009B2EF3 /* Build configuration list for PBXNativeTarget "WeatherApp" */ = {
			isa = XCConfigurationList;
			buildConfigurations = (
				22CF76ED19F4EF38009B2EF3 /* Debug */,
				22CF76EE19F4EF38009B2EF3 /* Release */,
			);
			defaultConfigurationIsVisible = 0;
		};
		22CF76EF19F4EF38009B2EF3 /* Build configuration list for PBXNativeTarget "WeatherAppTests" */ = {
			isa = XCConfigurationList;
			buildConfigurations = (
				22CF76F019F4EF38009B2EF3 /* Debug */,
				22CF76F119F4EF38009B2EF3 /* Release */,
			);
			defaultConfigurationIsVisible = 0;
		};
/* End XCConfigurationList section */
	};
	rootObject = 22CF76C119F4EF38009B2EF3 /* Project object */;
}
